
Microsoft Visual Studio Solution File, Format Version 12.00
# Visual Studio Version 17
VisualStudioVersion = 17.4.33110.190
MinimumVisualStudioVersion = 10.0.40219.1
Project("{FAE04EC0-301F-11D3-BF4B-00C04F79EFBC}") = "Assignment_10.2", "Assignment_10.2.csproj", "{43C4CD49-D294-4197-82BD-6F5DBDDB66A1}"
EndProject
Global
	GlobalSection(SolutionConfigurationPlatforms) = preSolution
		Debug|Any CPU = Debug|Any CPU
		Release|Any CPU = Release|Any CPU
	EndGlobalSection
	GlobalSection(ProjectConfigurationPlatforms) = postSolution
		{43C4CD49-D294-4197-82BD-6F5DBDDB66A1}.Debug|Any CPU.ActiveCfg = Debug|Any CPU
		{43C4CD49-D294-4197-82BD-6F5DBDDB66A1}.Debug|Any CPU.Build.0 = Debug|Any CPU
		{43C4CD49-D294-4197-82BD-6F5DBDDB66A1}.Release|Any CPU.ActiveCfg = Release|Any CPU
		{43C4CD49-D294-4197-82BD-6F5DBDDB66A1}.Release|Any CPU.Build.0 = Release|Any CPU
	EndGlobalSection
	GlobalSection(SolutionProperties) = preSolution
		HideSolutionNode = FALSE
	EndGlobalSection
	GlobalSection(ExtensibilityGlobals) = postSolution
		SolutionGuid = {66B53C48-4EF1-497E-A149-8A02236E9ACF}
	EndGlobalSection
EndGlobal
